
Microsoft Visual Studio Solution File, Format Version 12.00
# Visual Studio Version 16
VisualStudioVersion = 16.0.34407.143
MinimumVisualStudioVersion = 10.0.40219.1
Project("{FAE04EC0-301F-11D3-BF4B-00C04F79EFBC}") = "FlappyBird", "FlappyBird1\FlappyBird.csproj", "{8DFCD0F1-A604-425A-8937-9E8FA5E10530}"
EndProject
Global
	GlobalSection(SolutionConfigurationPlatforms) = preSolution
		Debug|Any CPU = Debug|Any CPU
		Release|Any CPU = Release|Any CPU
	EndGlobalSection
	GlobalSection(ProjectConfigurationPlatforms) = postSolution
		{8DFCD0F1-A604-425A-8937-9E8FA5E10530}.Debug|Any CPU.ActiveCfg = Debug|Any CPU
		{8DFCD0F1-A604-425A-8937-9E8FA5E10530}.Debug|Any CPU.Build.0 = Debug|Any CPU
		{8DFCD0F1-A604-425A-8937-9E8FA5E10530}.Release|Any CPU.ActiveCfg = Release|Any CPU
		{8DFCD0F1-A604-425A-8937-9E8FA5E10530}.Release|Any CPU.Build.0 = Release|Any CPU
	EndGlobalSection
	GlobalSection(SolutionProperties) = preSolution
		HideSolutionNode = FALSE
	EndGlobalSection
	GlobalSection(ExtensibilityGlobals) = postSolution
		SolutionGuid = {60943338-CD87-43C8-9ADD-36B716844734}
	EndGlobalSection
EndGlobal
